// !$*UTF8*$!
{
	archiveVersion = 1;
	classes = {
	};
	objectVersion = 46;
	objects = {

/* Begin PBXBuildFile section */
		142D00F11920A74A0043666F /* Foundation.framework in Frameworks */ = {isa = PBXBuildFile; fileRef = 142D00F01920A74A0043666F /* Foundation.framework */; };
		142D00F31920A74A0043666F /* CoreGraphics.framework in Frameworks */ = {isa = PBXBuildFile; fileRef = 142D00F21920A74A0043666F /* CoreGraphics.framework */; };
		142D00F51920A74A0043666F /* UIKit.framework in Frameworks */ = {isa = PBXBuildFile; fileRef = 142D00F41920A74A0043666F /* UIKit.framework */; };
		142D00FB1920A74A0043666F /* InfoPlist.strings in Resources */ = {isa = PBXBuildFile; fileRef = 142D00F91920A74A0043666F /* InfoPlist.strings */; };
		142D00FD1920A74A0043666F /* main.m in Sources */ = {isa = PBXBuildFile; fileRef = 142D00FC1920A74A0043666F /* main.m */; };
		142D01011920A74A0043666F /* AppDelegate.m in Sources */ = {isa = PBXBuildFile; fileRef = 142D01001920A74A0043666F /* AppDelegate.m */; };
		142D01041920A74A0043666F /* Main.storyboard in Resources */ = {isa = PBXBuildFile; fileRef = 142D01021920A74A0043666F /* Main.storyboard */; };
		142D01071920A74A0043666F /* ViewController.m in Sources */ = {isa = PBXBuildFile; fileRef = 142D01061920A74A0043666F /* ViewController.m */; };
		142D01091920A74A0043666F /* Images.xcassets in Resources */ = {isa = PBXBuildFile; fileRef = 142D01081920A74A0043666F /* Images.xcassets */; };
		142D01101920A74A0043666F /* XCTest.framework in Frameworks */ = {isa = PBXBuildFile; fileRef = 142D010F1920A74A0043666F /* XCTest.framework */; };
		142D01111920A74A0043666F /* Foundation.framework in Frameworks */ = {isa = PBXBuildFile; fileRef = 142D00F01920A74A0043666F /* Foundation.framework */; };
		142D01121920A74A0043666F /* UIKit.framework in Frameworks */ = {isa = PBXBuildFile; fileRef = 142D00F41920A74A0043666F /* UIKit.framework */; };
		142D011A1920A74A0043666F /* InfoPlist.strings in Resources */ = {isa = PBXBuildFile; fileRef = 142D01181920A74A0043666F /* InfoPlist.strings */; };
		142D011C1920A74A0043666F /* EGOTableViewPullRefreshTestTests.m in Sources */ = {isa = PBXBuildFile; fileRef = 142D011B1920A74A0043666F /* EGOTableViewPullRefreshTestTests.m */; };
		142D01341920AFA20043666F /* EGORefreshTableHeaderView.m in Sources */ = {isa = PBXBuildFile; fileRef = 142D01281920AFA20043666F /* EGORefreshTableHeaderView.m */; };
		142D01351920AFA20043666F /* LoadMoreTableFooterView.m in Sources */ = {isa = PBXBuildFile; fileRef = 142D012A1920AFA20043666F /* LoadMoreTableFooterView.m */; };
		142D01361920AFA20043666F /* blackArrow.png in Resources */ = {isa = PBXBuildFile; fileRef = 142D012C1920AFA20043666F /* blackArrow.png */; };
		142D01371920AFA20043666F /* blackArrow@2x.png in Resources */ = {isa = PBXBuildFile; fileRef = 142D012D1920AFA20043666F /* blackArrow@2x.png */; };
		142D01381920AFA20043666F /* blueArrow.png in Resources */ = {isa = PBXBuildFile; fileRef = 142D012E1920AFA20043666F /* blueArrow.png */; };
		142D01391920AFA20043666F /* blueArrow@2x.png in Resources */ = {isa = PBXBuildFile; fileRef = 142D012F1920AFA20043666F /* blueArrow@2x.png */; };
		142D013A1920AFA20043666F /* grayArrow.png in Resources */ = {isa = PBXBuildFile; fileRef = 142D01301920AFA20043666F /* grayArrow.png */; };
		142D013B1920AFA20043666F /* grayArrow@2x.png in Resources */ = {isa = PBXBuildFile; fileRef = 142D01311920AFA20043666F /* grayArrow@2x.png */; };
		142D013C1920AFA20043666F /* whiteArrow.png in Resources */ = {isa = PBXBuildFile; fileRef = 142D01321920AFA20043666F /* whiteArrow.png */; };
		142D013D1920AFA20043666F /* whiteArrow@2x.png in Resources */ = {isa = PBXBuildFile; fileRef = 142D01331920AFA20043666F /* whiteArrow@2x.png */; };
/* End PBXBuildFile section */

/* Begin PBXContainerItemProxy section */
		142D01131920A74A0043666F /* PBXContainerItemProxy */ = {
			isa = PBXContainerItemProxy;
			containerPortal = 142D00E51920A74A0043666F /* Project object */;
			proxyType = 1;
			remoteGlobalIDString = 142D00EC1920A74A0043666F;
			remoteInfo = EGOTableViewPullRefreshTest;
		};
/* End PBXContainerItemProxy section */

/* Begin PBXFileReference section */
		142D00ED1920A74A0043666F /* EGOTableViewPullRefreshTest.app */ = {isa = PBXFileReference; explicitFileType = wrapper.application; includeInIndex = 0; path = EGOTableViewPullRefreshTest.app; sourceTree = BUILT_PRODUCTS_DIR; };
		142D00F01920A74A0043666F /* Foundation.framework */ = {isa = PBXFileReference; lastKnownFileType = wrapper.framework; name = Foundation.framework; path = System/Library/Frameworks/Foundation.framework; sourceTree = SDKROOT; };
		142D00F21920A74A0043666F /* CoreGraphics.framework */ = {isa = PBXFileReference; lastKnownFileType = wrapper.framework; name = CoreGraphics.framework; path = System/Library/Frameworks/CoreGraphics.framework; sourceTree = SDKROOT; };
		142D00F41920A74A0043666F /* UIKit.framework */ = {isa = PBXFileReference; lastKnownFileType = wrapper.framework; name = UIKit.framework; path = System/Library/Frameworks/UIKit.framework; sourceTree = SDKROOT; };
		142D00F81920A74A0043666F /* EGOTableViewPullRefreshTest-Info.plist */ = {isa = PBXFileReference; lastKnownFileType = text.plist.xml; path = "EGOTableViewPullRefreshTest-Info.plist"; sourceTree = "<group>"; };
		142D00FA1920A74A0043666F /* en */ = {isa = PBXFileReference; lastKnownFileType = text.plist.strings; name = en; path = en.lproj/InfoPlist.strings; sourceTree = "<group>"; };
		142D00FC1920A74A0043666F /* main.m */ = {isa = PBXFileReference; lastKnownFileType = sourcecode.c.objc; path = main.m; sourceTree = "<group>"; };
		142D00FE1920A74A0043666F /* EGOTableViewPullRefreshTest-Prefix.pch */ = {isa = PBXFileReference; lastKnownFileType = sourcecode.c.h; path = "EGOTableViewPullRefreshTest-Prefix.pch"; sourceTree = "<group>"; };
		142D00FF1920A74A0043666F /* AppDelegate.h */ = {isa = PBXFileReference; lastKnownFileType = sourcecode.c.h; path = AppDelegate.h; sourceTree = "<group>"; };
		142D01001920A74A0043666F /* AppDelegate.m */ = {isa = PBXFileReference; lastKnownFileType = sourcecode.c.objc; path = AppDelegate.m; sourceTree = "<group>"; };
		142D01031920A74A0043666F /* Base */ = {isa = PBXFileReference; lastKnownFileType = file.storyboard; name = Base; path = Base.lproj/Main.storyboard; sourceTree = "<group>"; };
		142D01051920A74A0043666F /* ViewController.h */ = {isa = PBXFileReference; lastKnownFileType = sourcecode.c.h; path = ViewController.h; sourceTree = "<group>"; };
		142D01061920A74A0043666F /* ViewController.m */ = {isa = PBXFileReference; lastKnownFileType = sourcecode.c.objc; path = ViewController.m; sourceTree = "<group>"; };
		142D01081920A74A0043666F /* Images.xcassets */ = {isa = PBXFileReference; lastKnownFileType = folder.assetcatalog; path = Images.xcassets; sourceTree = "<group>"; };
		142D010E1920A74A0043666F /* EGOTableViewPullRefreshTestTests.xctest */ = {isa = PBXFileReference; explicitFileType = wrapper.cfbundle; includeInIndex = 0; path = EGOTableViewPullRefreshTestTests.xctest; sourceTree = BUILT_PRODUCTS_DIR; };
		142D010F1920A74A0043666F /* XCTest.framework */ = {isa = PBXFileReference; lastKnownFileType = wrapper.framework; name = XCTest.framework; path = Library/Frameworks/XCTest.framework; sourceTree = DEVELOPER_DIR; };
		142D01171920A74A0043666F /* EGOTableViewPullRefreshTestTests-Info.plist */ = {isa = PBXFileReference; lastKnownFileType = text.plist.xml; path = "EGOTableViewPullRefreshTestTests-Info.plist"; sourceTree = "<group>"; };
		142D01191920A74A0043666F /* en */ = {isa = PBXFileReference; lastKnownFileType = text.plist.strings; name = en; path = en.lproj/InfoPlist.strings; sourceTree = "<group>"; };
		142D011B1920A74A0043666F /* EGOTableViewPullRefreshTestTests.m */ = {isa = PBXFileReference; lastKnownFileType = sourcecode.c.objc; path = EGOTableViewPullRefreshTestTests.m; sourceTree = "<group>"; };
		142D01271920AFA20043666F /* EGORefreshTableHeaderView.h */ = {isa = PBXFileReference; fileEncoding = 4; lastKnownFileType = sourcecode.c.h; path = EGORefreshTableHeaderView.h; sourceTree = "<group>"; };
		142D01281920AFA20043666F /* EGORefreshTableHeaderView.m */ = {isa = PBXFileReference; fileEncoding = 4; lastKnownFileType = sourcecode.c.objc; path = EGORefreshTableHeaderView.m; sourceTree = "<group>"; };
		142D01291920AFA20043666F /* LoadMoreTableFooterView.h */ = {isa = PBXFileReference; fileEncoding = 4; lastKnownFileType = sourcecode.c.h; path = LoadMoreTableFooterView.h; sourceTree = "<group>"; };
		142D012A1920AFA20043666F /* LoadMoreTableFooterView.m */ = {isa = PBXFileReference; fileEncoding = 4; lastKnownFileType = sourcecode.c.objc; path = LoadMoreTableFooterView.m; sourceTree = "<group>"; };
		142D012C1920AFA20043666F /* blackArrow.png */ = {isa = PBXFileReference; lastKnownFileType = image.png; path = blackArrow.png; sourceTree = "<group>"; };
		142D012D1920AFA20043666F /* blackArrow@2x.png */ = {isa = PBXFileReference; lastKnownFileType = image.png; path = "blackArrow@2x.png"; sourceTree = "<group>"; };
		142D012E1920AFA20043666F /* blueArrow.png */ = {isa = PBXFileReference; lastKnownFileType = image.png; path = blueArrow.png; sourceTree = "<group>"; };
		142D012F1920AFA20043666F /* blueArrow@2x.png */ = {isa = PBXFileReference; lastKnownFileType = image.png; path = "blueArrow@2x.png"; sourceTree = "<group>"; };
		142D01301920AFA20043666F /* grayArrow.png */ = {isa = PBXFileReference; lastKnownFileType = image.png; path = grayArrow.png; sourceTree = "<group>"; };
		142D01311920AFA20043666F /* grayArrow@2x.png */ = {isa = PBXFileReference; lastKnownFileType = image.png; path = "grayArrow@2x.png"; sourceTree = "<group>"; };
		142D01321920AFA20043666F /* whiteArrow.png */ = {isa = PBXFileReference; lastKnownFileType = image.png; path = whiteArrow.png; sourceTree = "<group>"; };
		142D01331920AFA20043666F /* whiteArrow@2x.png */ = {isa = PBXFileReference; lastKnownFileType = image.png; path = "whiteArrow@2x.png"; sourceTree = "<group>"; };
/* End PBXFileReference section */

/* Begin PBXFrameworksBuildPhase section */
		142D00EA1920A74A0043666F /* Frameworks */ = {
			isa = PBXFrameworksBuildPhase;
			buildActionMask = 2147483647;
			files = (
				142D00F31920A74A0043666F /* CoreGraphics.framework in Frameworks */,
				142D00F51920A74A0043666F /* UIKit.framework in Frameworks */,
				142D00F11920A74A0043666F /* Foundation.framework in Frameworks */,
			);
			runOnlyForDeploymentPostprocessing = 0;
		};
		142D010B1920A74A0043666F /* Frameworks */ = {
			isa = PBXFrameworksBuildPhase;
			buildActionMask = 2147483647;
			files = (
				142D01101920A74A0043666F /* XCTest.framework in Frameworks */,
				142D01121920A74A0043666F /* UIKit.framework in Frameworks */,
				142D01111920A74A0043666F /* Foundation.framework in Frameworks */,
			);
			runOnlyForDeploymentPostprocessing = 0;
		};
/* End PBXFrameworksBuildPhase section */

/* Begin PBXGroup section */
		142D00E41920A74A0043666F = {
			isa = PBXGroup;
			children = (
				142D01251920AFA20043666F /* EGOTableViewPullRefresh */,
				142D00F61920A74A0043666F /* EGOTableViewPullRefreshTest */,
				142D01151920A74A0043666F /* EGOTableViewPullRefreshTestTests */,
				142D00EF1920A74A0043666F /* Frameworks */,
				142D00EE1920A74A0043666F /* Products */,
			);
			sourceTree = "<group>";
		};
		142D00EE1920A74A0043666F /* Products */ = {
			isa = PBXGroup;
			children = (
				142D00ED1920A74A0043666F /* EGOTableViewPullRefreshTest.app */,
				142D010E1920A74A0043666F /* EGOTableViewPullRefreshTestTests.xctest */,
			);
			name = Products;
			sourceTree = "<group>";
		};
		142D00EF1920A74A0043666F /* Frameworks */ = {
			isa = PBXGroup;
			children = (
				142D00F01920A74A0043666F /* Foundation.framework */,
				142D00F21920A74A0043666F /* CoreGraphics.framework */,
				142D00F41920A74A0043666F /* UIKit.framework */,
				142D010F1920A74A0043666F /* XCTest.framework */,
			);
			name = Frameworks;
			sourceTree = "<group>";
		};
		142D00F61920A74A0043666F /* EGOTableViewPullRefreshTest */ = {
			isa = PBXGroup;
			children = (
				142D00FF1920A74A0043666F /* AppDelegate.h */,
				142D01001920A74A0043666F /* AppDelegate.m */,
				142D01021920A74A0043666F /* Main.storyboard */,
				142D01051920A74A0043666F /* ViewController.h */,
				142D01061920A74A0043666F /* ViewController.m */,
				142D01081920A74A0043666F /* Images.xcassets */,
				142D00F71920A74A0043666F /* Supporting Files */,
			);
			path = EGOTableViewPullRefreshTest;
			sourceTree = "<group>";
		};
		142D00F71920A74A0043666F /* Supporting Files */ = {
			isa = PBXGroup;
			children = (
				142D00F81920A74A0043666F /* EGOTableViewPullRefreshTest-Info.plist */,
				142D00F91920A74A0043666F /* InfoPlist.strings */,
				142D00FC1920A74A0043666F /* main.m */,
				142D00FE1920A74A0043666F /* EGOTableViewPullRefreshTest-Prefix.pch */,
			);
			name = "Supporting Files";
			sourceTree = "<group>";
		};
		142D01151920A74A0043666F /* EGOTableViewPullRefreshTestTests */ = {
			isa = PBXGroup;
			children = (
				142D011B1920A74A0043666F /* EGOTableViewPullRefreshTestTests.m */,
				142D01161920A74A0043666F /* Supporting Files */,
			);
			path = EGOTableViewPullRefreshTestTests;
			sourceTree = "<group>";
		};
		142D01161920A74A0043666F /* Supporting Files */ = {
			isa = PBXGroup;
			children = (
				142D01171920A74A0043666F /* EGOTableViewPullRefreshTestTests-Info.plist */,
				142D01181920A74A0043666F /* InfoPlist.strings */,
			);
			name = "Supporting Files";
			sourceTree = "<group>";
		};
		142D01251920AFA20043666F /* EGOTableViewPullRefresh */ = {
			isa = PBXGroup;
			children = (
				142D01261920AFA20043666F /* Classes */,
				142D012B1920AFA20043666F /* Resources */,
			);
			path = EGOTableViewPullRefresh;
			sourceTree = "<group>";
		};
		142D01261920AFA20043666F /* Classes */ = {
			isa = PBXGroup;
			children = (
				142D01271920AFA20043666F /* EGORefreshTableHeaderView.h */,
				142D01281920AFA20043666F /* EGORefreshTableHeaderView.m */,
				142D01291920AFA20043666F /* LoadMoreTableFooterView.h */,
				142D012A1920AFA20043666F /* LoadMoreTableFooterView.m */,
			);
			path = Classes;
			sourceTree = "<group>";
		};
		142D012B1920AFA20043666F /* Resources */ = {
			isa = PBXGroup;
			children = (
				142D012C1920AFA20043666F /* blackArrow.png */,
				142D012D1920AFA20043666F /* blackArrow@2x.png */,
				142D012E1920AFA20043666F /* blueArrow.png */,
				142D012F1920AFA20043666F /* blueArrow@2x.png */,
				142D01301920AFA20043666F /* grayArrow.png */,
				142D01311920AFA20043666F /* grayArrow@2x.png */,
				142D01321920AFA20043666F /* whiteArrow.png */,
				142D01331920AFA20043666F /* whiteArrow@2x.png */,
			);
			path = Resources;
			sourceTree = "<group>";
		};
/* End PBXGroup section */

/* Begin PBXNativeTarget section */
		142D00EC1920A74A0043666F /* EGOTableViewPullRefreshTest */ = {
			isa = PBXNativeTarget;
			buildConfigurationList = 142D011F1920A74A0043666F /* Build configuration list for PBXNativeTarget "EGOTableViewPullRefreshTest" */;
			buildPhases = (
				142D00E91920A74A0043666F /* Sources */,
				142D00EA1920A74A0043666F /* Frameworks */,
				142D00EB1920A74A0043666F /* Resources */,
			);
			buildRules = (
			);
			dependencies = (
			);
			name = EGOTableViewPullRefreshTest;
			productName = EGOTableViewPullRefreshTest;
			productReference = 142D00ED1920A74A0043666F /* EGOTableViewPullRefreshTest.app */;
			productType = "com.apple.product-type.application";
		};
		142D010D1920A74A0043666F /* EGOTableViewPullRefreshTestTests */ = {
			isa = PBXNativeTarget;
			buildConfigurationList = 142D01221920A74A0043666F /* Build configuration list for PBXNativeTarget "EGOTableViewPullRefreshTestTests" */;
			buildPhases = (
				142D010A1920A74A0043666F /* Sources */,
				142D010B1920A74A0043666F /* Frameworks */,
				142D010C1920A74A0043666F /* Resources */,
			);
			buildRules = (
			);
			dependencies = (
				142D01141920A74A0043666F /* PBXTargetDependency */,
			);
			name = EGOTableViewPullRefreshTestTests;
			productName = EGOTableViewPullRefreshTestTests;
			productReference = 142D010E1920A74A0043666F /* EGOTableViewPullRefreshTestTests.xctest */;
			productType = "com.apple.product-type.bundle.unit-test";
		};
/* End PBXNativeTarget section */

/* Begin PBXProject section */
		142D00E51920A74A0043666F /* Project object */ = {
			isa = PBXProject;
			attributes = {
				LastUpgradeCheck = 0510;
				ORGANIZATIONNAME = ManGang;
				TargetAttributes = {
					142D010D1920A74A0043666F = {
						TestTargetID = 142D00EC1920A74A0043666F;
					};
				};
			};
			buildConfigurationList = 142D00E81920A74A0043666F /* Build configuration list for PBXProject "EGOTableViewPullRefreshTest" */;
			compatibilityVersion = "Xcode 3.2";
			developmentRegion = English;
			hasScannedForEncodings = 0;
			knownRegions = (
				en,
				Base,
			);
			mainGroup = 142D00E41920A74A0043666F;
			productRefGroup = 142D00EE1920A74A0043666F /* Products */;
			projectDirPath = "";
			projectRoot = "";
			targets = (
				142D00EC1920A74A0043666F /* EGOTableViewPullRefreshTest */,
				142D010D1920A74A0043666F /* EGOTableViewPullRefreshTestTests */,
			);
		};
/* End PBXProject section */

/* Begin PBXResourcesBuildPhase section */
		142D00EB1920A74A0043666F /* Resources */ = {
			isa = PBXResourcesBuildPhase;
			buildActionMask = 2147483647;
			files = (
				142D01091920A74A0043666F /* Images.xcassets in Resources */,
				142D01361920AFA20043666F /* blackArrow.png in Resources */,
				142D00FB1920A74A0043666F /* InfoPlist.strings in Resources */,
				142D013D1920AFA20043666F /* whiteArrow@2x.png in Resources */,
				142D013B1920AFA20043666F /* grayArrow@2x.png in Resources */,
				142D01391920AFA20043666F /* blueArrow@2x.png in Resources */,
				142D01381920AFA20043666F /* blueArrow.png in Resources */,
				142D01371920AFA20043666F /* blackArrow@2x.png in Resources */,
				142D013C1920AFA20043666F /* whiteArrow.png in Resources */,
				142D013A1920AFA20043666F /* grayArrow.png in Resources */,
				142D01041920A74A0043666F /* Main.storyboard in Resources */,
			);
			runOnlyForDeploymentPostprocessing = 0;
		};
		142D010C1920A74A0043666F /* Resources */ = {
			isa = PBXResourcesBuildPhase;
			buildActionMask = 2147483647;
			files = (
				142D011A1920A74A0043666F /* InfoPlist.strings in Resources */,
			);
			runOnlyForDeploymentPostprocessing = 0;
		};
/* End PBXResourcesBuildPhase section */

/* Begin PBXSourcesBuildPhase section */
		142D00E91920A74A0043666F /* Sources */ = {
			isa = PBXSourcesBuildPhase;
			buildActionMask = 2147483647;
			files = (
				142D01341920AFA20043666F /* EGORefreshTableHeaderView.m in Sources */,
				142D01071920A74A0043666F /* ViewController.m in Sources */,
				142D01011920A74A0043666F /* AppDelegate.m in Sources */,
				142D01351920AFA20043666F /* LoadMoreTableFooterView.m in Sources */,
				142D00FD1920A74A0043666F /* main.m in Sources */,
			);
			runOnlyForDeploymentPostprocessing = 0;
		};
		142D010A1920A74A0043666F /* Sources */ = {
			isa = PBXSourcesBuildPhase;
			buildActionMask = 2147483647;
			files = (
				142D011C1920A74A0043666F /* EGOTableViewPullRefreshTestTests.m in Sources */,
			);
			runOnlyForDeploymentPostprocessing = 0;
		};
/* End PBXSourcesBuildPhase section */

/* Begin PBXTargetDependency section */
		142D01141920A74A0043666F /* PBXTargetDependency */ = {
			isa = PBXTargetDependency;
			target = 142D00EC1920A74A0043666F /* EGOTableViewPullRefreshTest */;
			targetProxy = 142D01131920A74A0043666F /* PBXContainerItemProxy */;
		};
/* End PBXTargetDependency section */

/* Begin PBXVariantGroup section */
		142D00F91920A74A0043666F /* InfoPlist.strings */ = {
			isa = PBXVariantGroup;
			children = (
				142D00FA1920A74A0043666F /* en */,
			);
			name = InfoPlist.strings;
			sourceTree = "<group>";
		};
		142D01021920A74A0043666F /* Main.storyboard */ = {
			isa = PBXVariantGroup;
			children = (
				142D01031920A74A0043666F /* Base */,
			);
			name = Main.storyboard;
			sourceTree = "<group>";
		};
		142D01181920A74A0043666F /* InfoPlist.strings */ = {
			isa = PBXVariantGroup;
			children = (
				142D01191920A74A0043666F /* en */,
			);
			name = InfoPlist.strings;
			sourceTree = "<group>";
		};
/* End PBXVariantGroup section */

/* Begin XCBuildConfiguration section */
		142D011D1920A74A0043666F /* Debug */ = {
			isa = XCBuildConfiguration;
			buildSettings = {
				ALWAYS_SEARCH_USER_PATHS = NO;
				CLANG_CXX_LANGUAGE_STANDARD = "gnu++0x";
				CLANG_CXX_LIBRARY = "libc++";
				CLANG_ENABLE_MODULES = YES;
				CLANG_ENABLE_OBJC_ARC = YES;
				CLANG_WARN_BOOL_CONVERSION = YES;
				CLANG_WARN_CONSTANT_CONVERSION = YES;
				CLANG_WARN_DIRECT_OBJC_ISA_USAGE = YES_ERROR;
				CLANG_WARN_EMPTY_BODY = YES;
				CLANG_WARN_ENUM_CONVERSION = YES;
				CLANG_WARN_INT_CONVERSION = YES;
				CLANG_WARN_OBJC_ROOT_CLASS = YES_ERROR;
				CLANG_WARN__DUPLICATE_METHOD_MATCH = YES;
				"CODE_SIGN_IDENTITY[sdk=iphoneos*]" = "iPhone Developer";
				COPY_PHASE_STRIP = NO;
				GCC_C_LANGUAGE_STANDARD = gnu99;
				GCC_DYNAMIC_NO_PIC = NO;
				GCC_OPTIMIZATION_LEVEL = 0;
				GCC_PREPROCESSOR_DEFINITIONS = (
					"DEBUG=1",
					"$(inherited)",
				);
				GCC_SYMBOLS_PRIVATE_EXTERN = NO;
				GCC_WARN_64_TO_32_BIT_CONVERSION = YES;
				GCC_WARN_ABOUT_RETURN_TYPE = YES_ERROR;
				GCC_WARN_UNDECLARED_SELECTOR = YES;
				GCC_WARN_UNINITIALIZED_AUTOS = YES_AGGRESSIVE;
				GCC_WARN_UNUSED_FUNCTION = YES;
				GCC_WARN_UNUSED_VARIABLE = YES;
				IPHONEOS_DEPLOYMENT_TARGET = 7.1;
				ONLY_ACTIVE_ARCH = YES;
				SDKROOT = iphoneos;
			};
			name = Debug;
		};
		142D011E1920A74A0043666F /* Release */ = {
			isa = XCBuildConfiguration;
			buildSettings = {
				ALWAYS_SEARCH_USER_PATHS = NO;
				CLANG_CXX_LANGUAGE_STANDARD = "gnu++0x";
				CLANG_CXX_LIBRARY = "libc++";
				CLANG_ENABLE_MODULES = YES;
				CLANG_ENABLE_OBJC_ARC = YES;
				CLANG_WARN_BOOL_CONVERSION = YES;
				CLANG_WARN_CONSTANT_CONVERSION = YES;
				CLANG_WARN_DIRECT_OBJC_ISA_USAGE = YES_ERROR;
				CLANG_WARN_EMPTY_BODY = YES;
				CLANG_WARN_ENUM_CONVERSION = YES;
				CLANG_WARN_INT_CONVERSION = YES;
				CLANG_WARN_OBJC_ROOT_CLASS = YES_ERROR;
				CLANG_WARN__DUPLICATE_METHOD_MATCH = YES;
				"CODE_SIGN_IDENTITY[sdk=iphoneos*]" = "iPhone Developer";
				COPY_PHASE_STRIP = YES;
				ENABLE_NS_ASSERTIONS = NO;
				GCC_C_LANGUAGE_STANDARD = gnu99;
				GCC_WARN_64_TO_32_BIT_CONVERSION = YES;
				GCC_WARN_ABOUT_RETURN_TYPE = YES_ERROR;
				GCC_WARN_UNDECLARED_SELECTOR = YES;
				GCC_WARN_UNINITIALIZED_AUTOS = YES_AGGRESSIVE;
				GCC_WARN_UNUSED_FUNCTION = YES;
				GCC_WARN_UNUSED_VARIABLE = YES;
				IPHONEOS_DEPLOYMENT_TARGET = 7.1;
				SDKROOT = iphoneos;
				VALIDATE_PRODUCT = YES;
			};
			name = Release;
		};
		142D01201920A74A0043666F /* Debug */ = {
			isa = XCBuildConfiguration;
			buildSettings = {
				ASSETCATALOG_COMPILER_APPICON_NAME = AppIcon;
				ASSETCATALOG_COMPILER_LAUNCHIMAGE_NAME = LaunchImage;
				GCC_PRECOMPILE_PREFIX_HEADER = YES;
				GCC_PREFIX_HEADER = "EGOTableViewPullRefreshTest/EGOTableViewPullRefreshTest-Prefix.pch";
				INFOPLIST_FILE = "EGOTableViewPullRefreshTest/EGOTableViewPullRefreshTest-Info.plist";
				IPHONEOS_DEPLOYMENT_TARGET = 6.1;
				PRODUCT_NAME = "$(TARGET_NAME)";
				WRAPPER_EXTENSION = app;
			};
			name = Debug;
		};
		142D01211920A74A0043666F /* Release */ = {
			isa = XCBuildConfiguration;
			buildSettings = {
				ASSETCATALOG_COMPILER_APPICON_NAME = AppIcon;
				ASSETCATALOG_COMPILER_LAUNCHIMAGE_NAME = LaunchImage;
				GCC_PRECOMPILE_PREFIX_HEADER = YES;
				GCC_PREFIX_HEADER = "EGOTableViewPullRefreshTest/EGOTableViewPullRefreshTest-Prefix.pch";
				INFOPLIST_FILE = "EGOTableViewPullRefreshTest/EGOTableViewPullRefreshTest-Info.plist";
				IPHONEOS_DEPLOYMENT_TARGET = 6.1;
				PRODUCT_NAME = "$(TARGET_NAME)";
				WRAPPER_EXTENSION = app;
			};
			name = Release;
		};
		142D01231920A74A0043666F /* Debug */ = {
			isa = XCBuildConfiguration;
			buildSettings = {
				BUNDLE_LOADER = "$(BUILT_PRODUCTS_DIR)/EGOTableViewPullRefreshTest.app/EGOTableViewPullRefreshTest";
				FRAMEWORK_SEARCH_PATHS = (
					"$(SDKROOT)/Developer/Library/Frameworks",
					"$(inherited)",
					"$(DEVELOPER_FRAMEWORKS_DIR)",
				);
				GCC_PRECOMPILE_PREFIX_HEADER = YES;
				GCC_PREFIX_HEADER = "EGOTableViewPullRefreshTest/EGOTableViewPullRefreshTest-Prefix.pch";
				GCC_PREPROCESSOR_DEFINITIONS = (
					"DEBUG=1",
					"$(inherited)",
				);
				INFOPLIST_FILE = "EGOTableViewPullRefreshTestTests/EGOTableViewPullRefreshTestTests-Info.plist";
				PRODUCT_NAME = "$(TARGET_NAME)";
				TEST_HOST = "$(BUNDLE_LOADER)";
				WRAPPER_EXTENSION = xctest;
			};
			name = Debug;
		};
		142D01241920A74A0043666F /* Release */ = {
			isa = XCBuildConfiguration;
			buildSettings = {
				BUNDLE_LOADER = "$(BUILT_PRODUCTS_DIR)/EGOTableViewPullRefreshTest.app/EGOTableViewPullRefreshTest";
				FRAMEWORK_SEARCH_PATHS = (
					"$(SDKROOT)/Developer/Library/Frameworks",
					"$(inherited)",
					"$(DEVELOPER_FRAMEWORKS_DIR)",
				);
				GCC_PRECOMPILE_PREFIX_HEADER = YES;
				GCC_PREFIX_HEADER = "EGOTableViewPullRefreshTest/EGOTableViewPullRefreshTest-Prefix.pch";
				INFOPLIST_FILE = "EGOTableViewPullRefreshTestTests/EGOTableViewPullRefreshTestTests-Info.plist";
				PRODUCT_NAME = "$(TARGET_NAME)";
				TEST_HOST = "$(BUNDLE_LOADER)";
				WRAPPER_EXTENSION = xctest;
			};
			name = Release;
		};
/* End XCBuildConfiguration section */

/* Begin XCConfigurationList section */
		142D00E81920A74A0043666F /* Build configuration list for PBXProject "EGOTableViewPullRefreshTest" */ = {
			isa = XCConfigurationList;
			buildConfigurations = (
				142D011D1920A74A0043666F /* Debug */,
				142D011E1920A74A0043666F /* Release */,
			);
			defaultConfigurationIsVisible = 0;
			defaultConfigurationName = Release;
		};
		142D011F1920A74A0043666F /* Build configuration list for PBXNativeTarget "EGOTableViewPullRefreshTest" */ = {
			isa = XCConfigurationList;
			buildConfigurations = (
				142D01201920A74A0043666F /* Debug */,
				142D01211920A74A0043666F /* Release */,
			);
			defaultConfigurationIsVisible = 0;
		};
		142D01221920A74A0043666F /* Build configuration list for PBXNativeTarget "EGOTableViewPullRefreshTestTests" */ = {
			isa = XCConfigurationList;
			buildConfigurations = (
				142D01231920A74A0043666F /* Debug */,
				142D01241920A74A0043666F /* Release */,
			);
			defaultConfigurationIsVisible = 0;
		};
/* End XCConfigurationList section */
	};
	rootObject = 142D00E51920A74A0043666F /* Project object */;
}
